{
  "version": 4,
  "terraform_version": "1.15.2",
  "serial": 163,
  "lineage": "c6b6537d-b10d-0eea-4bc2-538c952a6dc1",
  "outputs": {},
  "resources": [
    {
      "mode": "managed",
      "type": "libvirt_domain",
      "name": "postgres",
      "provider": "provider[\"registry.terraform.io/dmacvicar/libvirt\"]",
      "instances": [
        {
          "index_key": 0,
          "schema_version": 0,
          "attributes": {
            "autostart": null,
            "bhyve_commandline": null,
            "block_io_tune": null,
            "bootloader": null,
            "bootloader_args": null,
            "clock": null,
            "cpu": null,
            "cpu_tune": null,
            "create": null,
            "current_memory": null,
            "current_memory_unit": null,
            "default_io_thread": null,
            "description": null,
            "destroy": null,
            "devices": {
              "audios": null,
              "channels": null,
              "consoles": null,
              "controllers": null,
              "crypto": null,
              "disks": [
                {
                  "acpi": null,
                  "address": null,
                  "alias": null,
                  "auth": null,
                  "backend_domain": null,
                  "backing_store": null,
                  "block_io": null,
                  "boot": null,
                  "device": null,
                  "driver": null,
                  "encryption": null,
                  "geometry": null,
                  "io_tune": null,
                  "mirror": null,
                  "model": null,
                  "product": null,
                  "raw_io": null,
                  "read_only": null,
                  "serial": null,
                  "sgio": null,
                  "shareable": null,
                  "snapshot": null,
                  "source": {
                    "block": null,
                    "cookies": null,
                    "data_store": null,
                    "dir": null,
                    "encryption": null,
                    "file": null,
                    "index": null,
                    "network": null,
                    "nvme": null,
                    "readahead": null,
                    "reservations": null,
                    "slices": null,
                    "ssl": null,
                    "startup_policy": null,
                    "timeout": null,
                    "vhost_user": null,
                    "vhost_vdpa": null,
                    "volume": {
                      "mode": null,
                      "pool": "default",
                      "sec_label": null,
                      "volume": "postgres-disk-0.qcow2"
                    }
                  },
                  "target": {
                    "bus": "virtio",
                    "dev": "vda",
                    "removable": null,
                    "rotation_rate": null,
                    "tray": null
                  },
                  "throttle_filters": null,
                  "transient": null,
                  "vendor": null,
                  "wwn": null
                }
              ],
              "emulator": null,
              "filesystems": null,
              "graphics": null,
              "hostdevs": null,
              "hubs": null,
              "inputs": null,
              "interfaces": null,
              "iommu": null,
              "leases": null,
              "mem_balloon": null,
              "memorydevs": null,
              "nvram": null,
              "panics": null,
              "parallels": null,
              "pstore": null,
              "redir_devs": null,
              "redir_filters": null,
              "rngs": null,
              "serials": null,
              "shmems": null,
              "smartcards": null,
              "sounds": null,
              "tpms": null,
              "videos": null,
              "vsock": null,
              "watchdogs": null
            },
            "features": null,
            "gen_id": null,
            "hwuuid": null,
            "id": 3,
            "id_map": null,
            "io_thread_i_ds": null,
            "io_threads": null,
            "key_wrap": null,
            "launch_security": null,
            "lxc_namespace": null,
            "maximum_memory": null,
            "maximum_memory_slots": null,
            "maximum_memory_unit": null,
            "memory": 2048,
            "memory_backing": null,
            "memory_dump_core": null,
            "memory_tune": null,
            "memory_unit": "MiB",
            "metadata": null,
            "name": "postgres-0",
            "numa_tune": null,
            "on_crash": null,
            "on_poweroff": null,
            "on_reboot": null,
            "os": {
              "acpi": null,
              "bios": null,
              "boot_devices": null,
              "boot_menu": null,
              "cmdline": null,
              "dtb": null,
              "firmware": null,
              "firmware_info": null,
              "init": null,
              "init_args": null,
              "init_dir": null,
              "init_env": null,
              "init_group": null,
              "init_user": null,
              "initrd": null,
              "kernel": null,
              "loader": null,
              "loader_format": null,
              "loader_readonly": null,
              "loader_secure": null,
              "loader_stateless": null,
              "loader_type": null,
              "nv_ram": null,
              "shim": null,
              "sm_bios": null,
              "type": "hvm",
              "type_arch": "x86_64",
              "type_machine": "q35"
            },
            "perf": null,
            "pm": null,
            "qemu_capabilities": null,
            "qemu_commandline": null,
            "qemu_deprecation": null,
            "qemu_override": null,
            "resource": null,
            "running": true,
            "sec_label": null,
            "sys_info": null,
            "throttle_groups": null,
            "title": null,
            "type": "kvm",
            "update": null,
            "uuid": "cfd90bf5-8f21-4b45-a495-1260add967a2",
            "vcpu": 2,
            "vcpu_cpuset": null,
            "vcpu_current": null,
            "vcpu_placement": null,
            "vcpus": null,
            "vmware_data_center_path": null,
            "xen_commandline": null
          },
          "sensitive_attributes": [],
          "identity_schema_version": 0,
          "dependencies": [
            "libvirt_volume.vm_disks"
          ]
        },
        {
          "index_key": 1,
          "schema_version": 0,
          "attributes": {
            "autostart": null,
            "bhyve_commandline": null,
            "block_io_tune": null,
            "bootloader": null,
            "bootloader_args": null,
            "clock": null,
            "cpu": null,
            "cpu_tune": null,
            "create": null,
            "current_memory": null,
            "current_memory_unit": null,
            "default_io_thread": null,
            "description": null,
            "destroy": null,
            "devices": {
              "audios": null,
              "channels": null,
              "consoles": null,
              "controllers": null,
              "crypto": null,
              "disks": [
                {
                  "acpi": null,
                  "address": null,
                  "alias": null,
                  "auth": null,
                  "backend_domain": null,
                  "backing_store": null,
                  "block_io": null,
                  "boot": null,
                  "device": null,
                  "driver": null,
                  "encryption": null,
                  "geometry": null,
                  "io_tune": null,
                  "mirror": null,
                  "model": null,
                  "product": null,
                  "raw_io": null,
                  "read_only": null,
                  "serial": null,
                  "sgio": null,
                  "shareable": null,
                  "snapshot": null,
                  "source": {
                    "block": null,
                    "cookies": null,
                    "data_store": null,
                    "dir": null,
                    "encryption": null,
                    "file": null,
                    "index": null,
                    "network": null,
                    "nvme": null,
                    "readahead": null,
                    "reservations": null,
                    "slices": null,
                    "ssl": null,
                    "startup_policy": null,
                    "timeout": null,
                    "vhost_user": null,
                    "vhost_vdpa": null,
                    "volume": {
                      "mode": null,
                      "pool": "default",
                      "sec_label": null,
                      "volume": "postgres-disk-1.qcow2"
                    }
                  },
                  "target": {
                    "bus": "virtio",
                    "dev": "vda",
                    "removable": null,
                    "rotation_rate": null,
                    "tray": null
                  },
                  "throttle_filters": null,
                  "transient": null,
                  "vendor": null,
                  "wwn": null
                }
              ],
              "emulator": null,
              "filesystems": null,
              "graphics": null,
              "hostdevs": null,
              "hubs": null,
              "inputs": null,
              "interfaces": null,
              "iommu": null,
              "leases": null,
              "mem_balloon": null,
              "memorydevs": null,
              "nvram": null,
              "panics": null,
              "parallels": null,
              "pstore": null,
              "redir_devs": null,
              "redir_filters": null,
              "rngs": null,
              "serials": null,
              "shmems": null,
              "smartcards": null,
              "sounds": null,
              "tpms": null,
              "videos": null,
              "vsock": null,
              "watchdogs": null
            },
            "features": null,
            "gen_id": null,
            "hwuuid": null,
            "id": 1,
            "id_map": null,
            "io_thread_i_ds": null,
            "io_threads": null,
            "key_wrap": null,
            "launch_security": null,
            "lxc_namespace": null,
            "maximum_memory": null,
            "maximum_memory_slots": null,
            "maximum_memory_unit": null,
            "memory": 2048,
            "memory_backing": null,
            "memory_dump_core": null,
            "memory_tune": null,
            "memory_unit": "MiB",
            "metadata": null,
            "name": "postgres-1",
            "numa_tune": null,
            "on_crash": null,
            "on_poweroff": null,
            "on_reboot": null,
            "os": {
              "acpi": null,
              "bios": null,
              "boot_devices": null,
              "boot_menu": null,
              "cmdline": null,
              "dtb": null,
              "firmware": null,
              "firmware_info": null,
              "init": null,
              "init_args": null,
              "init_dir": null,
              "init_env": null,
              "init_group": null,
              "init_user": null,
              "initrd": null,
              "kernel": null,
              "loader": null,
              "loader_format": null,
              "loader_readonly": null,
              "loader_secure": null,
              "loader_stateless": null,
              "loader_type": null,
              "nv_ram": null,
              "shim": null,
              "sm_bios": null,
              "type": "hvm",
              "type_arch": "x86_64",
              "type_machine": "q35"
            },
            "perf": null,
            "pm": null,
            "qemu_capabilities": null,
            "qemu_commandline": null,
            "qemu_deprecation": null,
            "qemu_override": null,
            "resource": null,
            "running": true,
            "sec_label": null,
            "sys_info": null,
            "throttle_groups": null,
            "title": null,
            "type": "kvm",
            "update": null,
            "uuid": "7dbd470b-e291-4b1f-808c-dd40d201cccd",
            "vcpu": 2,
            "vcpu_cpuset": null,
            "vcpu_current": null,
            "vcpu_placement": null,
            "vcpus": null,
            "vmware_data_center_path": null,
            "xen_commandline": null
          },
          "sensitive_attributes": [],
          "identity_schema_version": 0,
          "dependencies": [
            "libvirt_volume.vm_disks"
          ]
        },
        {
          "index_key": 2,
          "schema_version": 0,
          "attributes": {
            "autostart": null,
            "bhyve_commandline": null,
            "block_io_tune": null,
            "bootloader": null,
            "bootloader_args": null,
            "clock": null,
            "cpu": null,
            "cpu_tune": null,
            "create": null,
            "current_memory": null,
            "current_memory_unit": null,
            "default_io_thread": null,
            "description": null,
            "destroy": null,
            "devices": {
              "audios": null,
              "channels": null,
              "consoles": null,
              "controllers": null,
              "crypto": null,
              "disks": [
                {
                  "acpi": null,
                  "address": null,
                  "alias": null,
                  "auth": null,
                  "backend_domain": null,
                  "backing_store": null,
                  "block_io": null,
                  "boot": null,
                  "device": null,
                  "driver": null,
                  "encryption": null,
                  "geometry": null,
                  "io_tune": null,
                  "mirror": null,
                  "model": null,
                  "product": null,
                  "raw_io": null,
                  "read_only": null,
                  "serial": null,
                  "sgio": null,
                  "shareable": null,
                  "snapshot": null,
                  "source": {
                    "block": null,
                    "cookies": null,
                    "data_store": null,
                    "dir": null,
                    "encryption": null,
                    "file": null,
                    "index": null,
                    "network": null,
                    "nvme": null,
                    "readahead": null,
                    "reservations": null,
                    "slices": null,
                    "ssl": null,
                    "startup_policy": null,
                    "timeout": null,
                    "vhost_user": null,
                    "vhost_vdpa": null,
                    "volume": {
                      "mode": null,
                      "pool": "default",
                      "sec_label": null,
                      "volume": "postgres-disk-2.qcow2"
                    }
                  },
                  "target": {
                    "bus": "virtio",
                    "dev": "vda",
                    "removable": null,
                    "rotation_rate": null,
                    "tray": null
                  },
                  "throttle_filters": null,
                  "transient": null,
                  "vendor": null,
                  "wwn": null
                }
              ],
              "emulator": null,
              "filesystems": null,
              "graphics": null,
              "hostdevs": null,
              "hubs": null,
              "inputs": null,
              "interfaces": null,
              "iommu": null,
              "leases": null,
              "mem_balloon": null,
              "memorydevs": null,
              "nvram": null,
              "panics": null,
              "parallels": null,
              "pstore": null,
              "redir_devs": null,
              "redir_filters": null,
              "rngs": null,
              "serials": null,
              "shmems": null,
              "smartcards": null,
              "sounds": null,
              "tpms": null,
              "videos": null,
              "vsock": null,
              "watchdogs": null
            },
            "features": null,
            "gen_id": null,
            "hwuuid": null,
            "id": 2,
            "id_map": null,
            "io_thread_i_ds": null,
            "io_threads": null,
            "key_wrap": null,
            "launch_security": null,
            "lxc_namespace": null,
            "maximum_memory": null,
            "maximum_memory_slots": null,
            "maximum_memory_unit": null,
            "memory": 2048,
            "memory_backing": null,
            "memory_dump_core": null,
            "memory_tune": null,
            "memory_unit": "MiB",
            "metadata": null,
            "name": "postgres-2",
            "numa_tune": null,
            "on_crash": null,
            "on_poweroff": null,
            "on_reboot": null,
            "os": {
              "acpi": null,
              "bios": null,
              "boot_devices": null,
              "boot_menu": null,
              "cmdline": null,
              "dtb": null,
              "firmware": null,
              "firmware_info": null,
              "init": null,
              "init_args": null,
              "init_dir": null,
              "init_env": null,
              "init_group": null,
              "init_user": null,
              "initrd": null,
              "kernel": null,
              "loader": null,
              "loader_format": null,
              "loader_readonly": null,
              "loader_secure": null,
              "loader_stateless": null,
              "loader_type": null,
              "nv_ram": null,
              "shim": null,
              "sm_bios": null,
              "type": "hvm",
              "type_arch": "x86_64",
              "type_machine": "q35"
            },
            "perf": null,
            "pm": null,
            "qemu_capabilities": null,
            "qemu_commandline": null,
            "qemu_deprecation": null,
            "qemu_override": null,
            "resource": null,
            "running": true,
            "sec_label": null,
            "sys_info": null,
            "throttle_groups": null,
            "title": null,
            "type": "kvm",
            "update": null,
            "uuid": "871e2769-5c27-4360-937b-c8cbabe313cd",
            "vcpu": 2,
            "vcpu_cpuset": null,
            "vcpu_current": null,
            "vcpu_placement": null,
            "vcpus": null,
            "vmware_data_center_path": null,
            "xen_commandline": null
          },
          "sensitive_attributes": [],
          "identity_schema_version": 0,
          "dependencies": [
            "libvirt_volume.vm_disks"
          ]
        }
      ]
    },
    {
      "mode": "managed",
      "type": "libvirt_volume",
      "name": "ubuntu_base",
      "provider": "provider[\"registry.terraform.io/dmacvicar/libvirt\"]",
      "instances": [
        {
          "schema_version": 0,
          "attributes": {
            "allocation": 692412416,
            "allocation_unit": null,
            "backing_store": null,
            "capacity": 2361393152,
            "capacity_unit": null,
            "create": {
              "content": {
                "url": "https://cloud-images.ubuntu.com/releases/22.04/release/ubuntu-22.04-server-cloudimg-amd64.img"
              }
            },
            "id": "/var/lib/libvirt/images/ubuntu-22.04.qcow2",
            "key": "/var/lib/libvirt/images/ubuntu-22.04.qcow2",
            "name": "ubuntu-22.04.qcow2",
            "path": "/var/lib/libvirt/images/ubuntu-22.04.qcow2",
            "physical": 692407808,
            "physical_unit": null,
            "pool": "default",
            "target": {
              "cluster_size": null,
              "cluster_size_unit": null,
              "compat": null,
              "encryption": null,
              "features": null,
              "format": {
                "type": "qcow2"
              },
              "path": "/var/lib/libvirt/images/ubuntu-22.04.qcow2",
              "permissions": null,
              "timestamps": null
            },
            "type": null
          },
          "sensitive_attributes": [],
          "identity_schema_version": 0
        }
      ]
    },
    {
      "mode": "managed",
      "type": "libvirt_volume",
      "name": "vm_disks",
      "provider": "provider[\"registry.terraform.io/dmacvicar/libvirt\"]",
      "instances": [
        {
          "index_key": 0,
          "schema_version": 0,
          "attributes": {
            "allocation": 0,
            "allocation_unit": null,
            "backing_store": null,
            "capacity": 1073741824,
            "capacity_unit": null,
            "create": null,
            "id": "/var/lib/libvirt/images/postgres-disk-0.qcow2",
            "key": "/var/lib/libvirt/images/postgres-disk-0.qcow2",
            "name": "postgres-disk-0.qcow2",
            "path": "/var/lib/libvirt/images/postgres-disk-0.qcow2",
            "physical": 1073741824,
            "physical_unit": null,
            "pool": "default",
            "target": null,
            "type": null
          },
          "sensitive_attributes": [],
          "identity_schema_version": 0
        },
        {
          "index_key": 1,
          "schema_version": 0,
          "attributes": {
            "allocation": 0,
            "allocation_unit": null,
            "backing_store": null,
            "capacity": 1073741824,
            "capacity_unit": null,
            "create": null,
            "id": "/var/lib/libvirt/images/postgres-disk-1.qcow2",
            "key": "/var/lib/libvirt/images/postgres-disk-1.qcow2",
            "name": "postgres-disk-1.qcow2",
            "path": "/var/lib/libvirt/images/postgres-disk-1.qcow2",
            "physical": 1073741824,
            "physical_unit": null,
            "pool": "default",
            "target": null,
            "type": null
          },
          "sensitive_attributes": [],
          "identity_schema_version": 0
        },
        {
          "index_key": 2,
          "schema_version": 0,
          "attributes": {
            "allocation": 0,
            "allocation_unit": null,
            "backing_store": null,
            "capacity": 1073741824,
            "capacity_unit": null,
            "create": null,
            "id": "/var/lib/libvirt/images/postgres-disk-2.qcow2",
            "key": "/var/lib/libvirt/images/postgres-disk-2.qcow2",
            "name": "postgres-disk-2.qcow2",
            "path": "/var/lib/libvirt/images/postgres-disk-2.qcow2",
            "physical": 1073741824,
            "physical_unit": null,
            "pool": "default",
            "target": null,
            "type": null
          },
          "sensitive_attributes": [],
          "identity_schema_version": 0
        }
      ]
    }
  ],
  "check_results": null
}
